// !$*UTF8*$!
{
	archiveVersion = 1;
	classes = {
	};
	objectVersion = 46;
	objects = {

/* Begin PBXBuildFile section */
		BA44FAD51A17D46F002B11F3 /* AppDelegate.swift in Sources */ = {isa = PBXBuildFile; fileRef = BA44FAD41A17D46F002B11F3 /* AppDelegate.swift */; };
		BA44FAD71A17D46F002B11F3 /* ViewController.swift in Sources */ = {isa = PBXBuildFile; fileRef = BA44FAD61A17D46F002B11F3 /* ViewController.swift */; };
		BA44FADA1A17D46F002B11F3 /* Main.storyboard in Resources */ = {isa = PBXBuildFile; fileRef = BA44FAD81A17D46F002B11F3 /* Main.storyboard */; };
		BA44FADC1A17D46F002B11F3 /* Images.xcassets in Resources */ = {isa = PBXBuildFile; fileRef = BA44FADB1A17D46F002B11F3 /* Images.xcassets */; };
		BA44FADF1A17D46F002B11F3 /* LaunchScreen.xib in Resources */ = {isa = PBXBuildFile; fileRef = BA44FADD1A17D46F002B11F3 /* LaunchScreen.xib */; };
		BA44FAEB1A17D46F002B11F3 /* _9BalloonsTests.swift in Sources */ = {isa = PBXBuildFile; fileRef = BA44FAEA1A17D46F002B11F3 /* _9BalloonsTests.swift */; };
		BA44FAF51A17D625002B11F3 /* Balloon.swift in Sources */ = {isa = PBXBuildFile; fileRef = BA44FAF41A17D625002B11F3 /* Balloon.swift */; };
		BA44FAFC1A17D813002B11F3 /* BerlinTVTower.jpg in Resources */ = {isa = PBXBuildFile; fileRef = BA44FAF71A17D813002B11F3 /* BerlinTVTower.jpg */; };
		BA44FAFD1A17D813002B11F3 /* RedBalloon1.jpg in Resources */ = {isa = PBXBuildFile; fileRef = BA44FAF81A17D813002B11F3 /* RedBalloon1.jpg */; };
		BA44FAFE1A17D813002B11F3 /* RedBalloon2.jpg in Resources */ = {isa = PBXBuildFile; fileRef = BA44FAF91A17D813002B11F3 /* RedBalloon2.jpg */; };
		BA44FAFF1A17D813002B11F3 /* RedBalloon3.jpg in Resources */ = {isa = PBXBuildFile; fileRef = BA44FAFA1A17D813002B11F3 /* RedBalloon3.jpg */; };
		BA44FB001A17D813002B11F3 /* RedBalloon4.jpg in Resources */ = {isa = PBXBuildFile; fileRef = BA44FAFB1A17D813002B11F3 /* RedBalloon4.jpg */; };
/* End PBXBuildFile section */

/* Begin PBXContainerItemProxy section */
		BA44FAE51A17D46F002B11F3 /* PBXContainerItemProxy */ = {
			isa = PBXContainerItemProxy;
			containerPortal = BA44FAC71A17D46F002B11F3 /* Project object */;
			proxyType = 1;
			remoteGlobalIDString = BA44FACE1A17D46F002B11F3;
			remoteInfo = 99Balloons;
		};
/* End PBXContainerItemProxy section */

/* Begin PBXFileReference section */
		BA44FACF1A17D46F002B11F3 /* 99Balloons.app */ = {isa = PBXFileReference; explicitFileType = wrapper.application; includeInIndex = 0; path = 99Balloons.app; sourceTree = BUILT_PRODUCTS_DIR; };
		BA44FAD31A17D46F002B11F3 /* Info.plist */ = {isa = PBXFileReference; lastKnownFileType = text.plist.xml; path = Info.plist; sourceTree = "<group>"; };
		BA44FAD41A17D46F002B11F3 /* AppDelegate.swift */ = {isa = PBXFileReference; lastKnownFileType = sourcecode.swift; path = AppDelegate.swift; sourceTree = "<group>"; };
		BA44FAD61A17D46F002B11F3 /* ViewController.swift */ = {isa = PBXFileReference; lastKnownFileType = sourcecode.swift; path = ViewController.swift; sourceTree = "<group>"; };
		BA44FAD91A17D46F002B11F3 /* Base */ = {isa = PBXFileReference; lastKnownFileType = file.storyboard; name = Base; path = Base.lproj/Main.storyboard; sourceTree = "<group>"; };
		BA44FADB1A17D46F002B11F3 /* Images.xcassets */ = {isa = PBXFileReference; lastKnownFileType = folder.assetcatalog; path = Images.xcassets; sourceTree = "<group>"; };
		BA44FADE1A17D46F002B11F3 /* Base */ = {isa = PBXFileReference; lastKnownFileType = file.xib; name = Base; path = Base.lproj/LaunchScreen.xib; sourceTree = "<group>"; };
		BA44FAE41A17D46F002B11F3 /* 99BalloonsTests.xctest */ = {isa = PBXFileReference; explicitFileType = wrapper.cfbundle; includeInIndex = 0; path = 99BalloonsTests.xctest; sourceTree = BUILT_PRODUCTS_DIR; };
		BA44FAE91A17D46F002B11F3 /* Info.plist */ = {isa = PBXFileReference; lastKnownFileType = text.plist.xml; path = Info.plist; sourceTree = "<group>"; };
		BA44FAEA1A17D46F002B11F3 /* _9BalloonsTests.swift */ = {isa = PBXFileReference; lastKnownFileType = sourcecode.swift; path = _9BalloonsTests.swift; sourceTree = "<group>"; };
		BA44FAF41A17D625002B11F3 /* Balloon.swift */ = {isa = PBXFileReference; fileEncoding = 4; lastKnownFileType = sourcecode.swift; path = Balloon.swift; sourceTree = "<group>"; };
		BA44FAF71A17D813002B11F3 /* BerlinTVTower.jpg */ = {isa = PBXFileReference; lastKnownFileType = image.jpeg; path = BerlinTVTower.jpg; sourceTree = "<group>"; };
		BA44FAF81A17D813002B11F3 /* RedBalloon1.jpg */ = {isa = PBXFileReference; lastKnownFileType = image.jpeg; path = RedBalloon1.jpg; sourceTree = "<group>"; };
		BA44FAF91A17D813002B11F3 /* RedBalloon2.jpg */ = {isa = PBXFileReference; lastKnownFileType = image.jpeg; path = RedBalloon2.jpg; sourceTree = "<group>"; };
		BA44FAFA1A17D813002B11F3 /* RedBalloon3.jpg */ = {isa = PBXFileReference; lastKnownFileType = image.jpeg; path = RedBalloon3.jpg; sourceTree = "<group>"; };
		BA44FAFB1A17D813002B11F3 /* RedBalloon4.jpg */ = {isa = PBXFileReference; lastKnownFileType = image.jpeg; path = RedBalloon4.jpg; sourceTree = "<group>"; };
/* End PBXFileReference section */

/* Begin PBXFrameworksBuildPhase section */
		BA44FACC1A17D46F002B11F3 /* Frameworks */ = {
			isa = PBXFrameworksBuildPhase;
			buildActionMask = 2147483647;
			files = (
			);
			runOnlyForDeploymentPostprocessing = 0;
		};
		BA44FAE11A17D46F002B11F3 /* Frameworks */ = {
			isa = PBXFrameworksBuildPhase;
			buildActionMask = 2147483647;
			files = (
			);
			runOnlyForDeploymentPostprocessing = 0;
		};
/* End PBXFrameworksBuildPhase section */

/* Begin PBXGroup section */
		BA44FAC61A17D46F002B11F3 = {
			isa = PBXGroup;
			children = (
				BA44FAD11A17D46F002B11F3 /* 99Balloons */,
				BA44FAE71A17D46F002B11F3 /* 99BalloonsTests */,
				BA44FAD01A17D46F002B11F3 /* Products */,
			);
			sourceTree = "<group>";
		};
		BA44FAD01A17D46F002B11F3 /* Products */ = {
			isa = PBXGroup;
			children = (
				BA44FACF1A17D46F002B11F3 /* 99Balloons.app */,
				BA44FAE41A17D46F002B11F3 /* 99BalloonsTests.xctest */,
			);
			name = Products;
			sourceTree = "<group>";
		};
		BA44FAD11A17D46F002B11F3 /* 99Balloons */ = {
			isa = PBXGroup;
			children = (
				BA44FAD41A17D46F002B11F3 /* AppDelegate.swift */,
				BA44FAD61A17D46F002B11F3 /* ViewController.swift */,
				BA44FAD81A17D46F002B11F3 /* Main.storyboard */,
				BA44FAF41A17D625002B11F3 /* Balloon.swift */,
				BA44FADB1A17D46F002B11F3 /* Images.xcassets */,
				BA44FADD1A17D46F002B11F3 /* LaunchScreen.xib */,
				BA44FAD21A17D46F002B11F3 /* Supporting Files */,
			);
			path = 99Balloons;
			sourceTree = "<group>";
		};
		BA44FAD21A17D46F002B11F3 /* Supporting Files */ = {
			isa = PBXGroup;
			children = (
				BA44FAF61A17D813002B11F3 /* 99RedBalloonsAssets */,
				BA44FAD31A17D46F002B11F3 /* Info.plist */,
			);
			name = "Supporting Files";
			sourceTree = "<group>";
		};
		BA44FAE71A17D46F002B11F3 /* 99BalloonsTests */ = {
			isa = PBXGroup;
			children = (
				BA44FAEA1A17D46F002B11F3 /* _9BalloonsTests.swift */,
				BA44FAE81A17D46F002B11F3 /* Supporting Files */,
			);
			path = 99BalloonsTests;
			sourceTree = "<group>";
		};
		BA44FAE81A17D46F002B11F3 /* Supporting Files */ = {
			isa = PBXGroup;
			children = (
				BA44FAE91A17D46F002B11F3 /* Info.plist */,
			);
			name = "Supporting Files";
			sourceTree = "<group>";
		};
		BA44FAF61A17D813002B11F3 /* 99RedBalloonsAssets */ = {
			isa = PBXGroup;
			children = (
				BA44FAF71A17D813002B11F3 /* BerlinTVTower.jpg */,
				BA44FAF81A17D813002B11F3 /* RedBalloon1.jpg */,
				BA44FAF91A17D813002B11F3 /* RedBalloon2.jpg */,
				BA44FAFA1A17D813002B11F3 /* RedBalloon3.jpg */,
				BA44FAFB1A17D813002B11F3 /* RedBalloon4.jpg */,
			);
			path = 99RedBalloonsAssets;
			sourceTree = "<group>";
		};
/* End PBXGroup section */

/* Begin PBXNativeTarget section */
		BA44FACE1A17D46F002B11F3 /* 99Balloons */ = {
			isa = PBXNativeTarget;
			buildConfigurationList = BA44FAEE1A17D46F002B11F3 /* Build configuration list for PBXNativeTarget "99Balloons" */;
			buildPhases = (
				BA44FACB1A17D46F002B11F3 /* Sources */,
				BA44FACC1A17D46F002B11F3 /* Frameworks */,
				BA44FACD1A17D46F002B11F3 /* Resources */,
			);
			buildRules = (
			);
			dependencies = (
			);
			name = 99Balloons;
			productName = 99Balloons;
			productReference = BA44FACF1A17D46F002B11F3 /* 99Balloons.app */;
			productType = "com.apple.product-type.application";
		};
		BA44FAE31A17D46F002B11F3 /* 99BalloonsTests */ = {
			isa = PBXNativeTarget;
			buildConfigurationList = BA44FAF11A17D46F002B11F3 /* Build configuration list for PBXNativeTarget "99BalloonsTests" */;
			buildPhases = (
				BA44FAE01A17D46F002B11F3 /* Sources */,
				BA44FAE11A17D46F002B11F3 /* Frameworks */,
				BA44FAE21A17D46F002B11F3 /* Resources */,
			);
			buildRules = (
			);
			dependencies = (
				BA44FAE61A17D46F002B11F3 /* PBXTargetDependency */,
			);
			name = 99BalloonsTests;
			productName = 99BalloonsTests;
			productReference = BA44FAE41A17D46F002B11F3 /* 99BalloonsTests.xctest */;
			productType = "com.apple.product-type.bundle.unit-test";
		};
/* End PBXNativeTarget section */

/* Begin PBXProject section */
		BA44FAC71A17D46F002B11F3 /* Project object */ = {
			isa = PBXProject;
			attributes = {
				LastUpgradeCheck = 0600;
				ORGANIZATIONNAME = CrayonBytes;
				TargetAttributes = {
					BA44FACE1A17D46F002B11F3 = {
						CreatedOnToolsVersion = 6.0;
					};
					BA44FAE31A17D46F002B11F3 = {
						CreatedOnToolsVersion = 6.0;
						TestTargetID = BA44FACE1A17D46F002B11F3;
					};
				};
			};
			buildConfigurationList = BA44FACA1A17D46F002B11F3 /* Build configuration list for PBXProject "99Balloons" */;
			compatibilityVersion = "Xcode 3.2";
			developmentRegion = English;
			hasScannedForEncodings = 0;
			knownRegions = (
				en,
				Base,
			);
			mainGroup = BA44FAC61A17D46F002B11F3;
			productRefGroup = BA44FAD01A17D46F002B11F3 /* Products */;
			projectDirPath = "";
			projectRoot = "";
			targets = (
				BA44FACE1A17D46F002B11F3 /* 99Balloons */,
				BA44FAE31A17D46F002B11F3 /* 99BalloonsTests */,
			);
		};
/* End PBXProject section */

/* Begin PBXResourcesBuildPhase section */
		BA44FACD1A17D46F002B11F3 /* Resources */ = {
			isa = PBXResourcesBuildPhase;
			buildActionMask = 2147483647;
			files = (
				BA44FAFE1A17D813002B11F3 /* RedBalloon2.jpg in Resources */,
				BA44FADA1A17D46F002B11F3 /* Main.storyboard in Resources */,
				BA44FAFF1A17D813002B11F3 /* RedBalloon3.jpg in Resources */,
				BA44FADF1A17D46F002B11F3 /* LaunchScreen.xib in Resources */,
				BA44FB001A17D813002B11F3 /* RedBalloon4.jpg in Resources */,
				BA44FADC1A17D46F002B11F3 /* Images.xcassets in Resources */,
				BA44FAFD1A17D813002B11F3 /* RedBalloon1.jpg in Resources */,
				BA44FAFC1A17D813002B11F3 /* BerlinTVTower.jpg in Resources */,
			);
			runOnlyForDeploymentPostprocessing = 0;
		};
		BA44FAE21A17D46F002B11F3 /* Resources */ = {
			isa = PBXResourcesBuildPhase;
			buildActionMask = 2147483647;
			files = (
			);
			runOnlyForDeploymentPostprocessing = 0;
		};
/* End PBXResourcesBuildPhase section */

/* Begin PBXSourcesBuildPhase section */
		BA44FACB1A17D46F002B11F3 /* Sources */ = {
			isa = PBXSourcesBuildPhase;
			buildActionMask = 2147483647;
			files = (
				BA44FAD71A17D46F002B11F3 /* ViewController.swift in Sources */,
				BA44FAF51A17D625002B11F3 /* Balloon.swift in Sources */,
				BA44FAD51A17D46F002B11F3 /* AppDelegate.swift in Sources */,
			);
			runOnlyForDeploymentPostprocessing = 0;
		};
		BA44FAE01A17D46F002B11F3 /* Sources */ = {
			isa = PBXSourcesBuildPhase;
			buildActionMask = 2147483647;
			files = (
				BA44FAEB1A17D46F002B11F3 /* _9BalloonsTests.swift in Sources */,
			);
			runOnlyForDeploymentPostprocessing = 0;
		};
/* End PBXSourcesBuildPhase section */

/* Begin PBXTargetDependency section */
		BA44FAE61A17D46F002B11F3 /* PBXTargetDependency */ = {
			isa = PBXTargetDependency;
			target = BA44FACE1A17D46F002B11F3 /* 99Balloons */;
			targetProxy = BA44FAE51A17D46F002B11F3 /* PBXContainerItemProxy */;
		};
/* End PBXTargetDependency section */

/* Begin PBXVariantGroup section */
		BA44FAD81A17D46F002B11F3 /* Main.storyboard */ = {
			isa = PBXVariantGroup;
			children = (
				BA44FAD91A17D46F002B11F3 /* Base */,
			);
			name = Main.storyboard;
			sourceTree = "<group>";
		};
		BA44FADD1A17D46F002B11F3 /* LaunchScreen.xib */ = {
			isa = PBXVariantGroup;
			children = (
				BA44FADE1A17D46F002B11F3 /* Base */,
			);
			name = LaunchScreen.xib;
			sourceTree = "<group>";
		};
/* End PBXVariantGroup section */

/* Begin XCBuildConfiguration section */
		BA44FAEC1A17D46F002B11F3 /* Debug */ = {
			isa = XCBuildConfiguration;
			buildSettings = {
				ALWAYS_SEARCH_USER_PATHS = NO;
				CLANG_CXX_LANGUAGE_STANDARD = "gnu++0x";
				CLANG_CXX_LIBRARY = "libc++";
				CLANG_ENABLE_MODULES = YES;
				CLANG_ENABLE_OBJC_ARC = YES;
				CLANG_WARN_BOOL_CONVERSION = YES;
				CLANG_WARN_CONSTANT_CONVERSION = YES;
				CLANG_WARN_DIRECT_OBJC_ISA_USAGE = YES_ERROR;
				CLANG_WARN_EMPTY_BODY = YES;
				CLANG_WARN_ENUM_CONVERSION = YES;
				CLANG_WARN_INT_CONVERSION = YES;
				CLANG_WARN_OBJC_ROOT_CLASS = YES_ERROR;
				CLANG_WARN_UNREACHABLE_CODE = YES;
				CLANG_WARN__DUPLICATE_METHOD_MATCH = YES;
				"CODE_SIGN_IDENTITY[sdk=iphoneos*]" = "iPhone Developer";
				COPY_PHASE_STRIP = NO;
				ENABLE_STRICT_OBJC_MSGSEND = YES;
				GCC_C_LANGUAGE_STANDARD = gnu99;
				GCC_DYNAMIC_NO_PIC = NO;
				GCC_OPTIMIZATION_LEVEL = 0;
				GCC_PREPROCESSOR_DEFINITIONS = (
					"DEBUG=1",
					"$(inherited)",
				);
				GCC_SYMBOLS_PRIVATE_EXTERN = NO;
				GCC_WARN_64_TO_32_BIT_CONVERSION = YES;
				GCC_WARN_ABOUT_RETURN_TYPE = YES_ERROR;
				GCC_WARN_UNDECLARED_SELECTOR = YES;
				GCC_WARN_UNINITIALIZED_AUTOS = YES_AGGRESSIVE;
				GCC_WARN_UNUSED_FUNCTION = YES;
				GCC_WARN_UNUSED_VARIABLE = YES;
				IPHONEOS_DEPLOYMENT_TARGET = 8.0;
				MTL_ENABLE_DEBUG_INFO = YES;
				ONLY_ACTIVE_ARCH = YES;
				SDKROOT = iphoneos;
				SWIFT_OPTIMIZATION_LEVEL = "-Onone";
				TARGETED_DEVICE_FAMILY = "1,2";
			};
			name = Debug;
		};
		BA44FAED1A17D46F002B11F3 /* Release */ = {
			isa = XCBuildConfiguration;
			buildSettings = {
				ALWAYS_SEARCH_USER_PATHS = NO;
				CLANG_CXX_LANGUAGE_STANDARD = "gnu++0x";
				CLANG_CXX_LIBRARY = "libc++";
				CLANG_ENABLE_MODULES = YES;
				CLANG_ENABLE_OBJC_ARC = YES;
				CLANG_WARN_BOOL_CONVERSION = YES;
				CLANG_WARN_CONSTANT_CONVERSION = YES;
				CLANG_WARN_DIRECT_OBJC_ISA_USAGE = YES_ERROR;
				CLANG_WARN_EMPTY_BODY = YES;
				CLANG_WARN_ENUM_CONVERSION = YES;
				CLANG_WARN_INT_CONVERSION = YES;
				CLANG_WARN_OBJC_ROOT_CLASS = YES_ERROR;
				CLANG_WARN_UNREACHABLE_CODE = YES;
				CLANG_WARN__DUPLICATE_METHOD_MATCH = YES;
				"CODE_SIGN_IDENTITY[sdk=iphoneos*]" = "iPhone Developer";
				COPY_PHASE_STRIP = YES;
				ENABLE_NS_ASSERTIONS = NO;
				ENABLE_STRICT_OBJC_MSGSEND = YES;
				GCC_C_LANGUAGE_STANDARD = gnu99;
				GCC_WARN_64_TO_32_BIT_CONVERSION = YES;
				GCC_WARN_ABOUT_RETURN_TYPE = YES_ERROR;
				GCC_WARN_UNDECLARED_SELECTOR = YES;
				GCC_WARN_UNINITIALIZED_AUTOS = YES_AGGRESSIVE;
				GCC_WARN_UNUSED_FUNCTION = YES;
				GCC_WARN_UNUSED_VARIABLE = YES;
				IPHONEOS_DEPLOYMENT_TARGET = 8.0;
				MTL_ENABLE_DEBUG_INFO = NO;
				SDKROOT = iphoneos;
				TARGETED_DEVICE_FAMILY = "1,2";
				VALIDATE_PRODUCT = YES;
			};
			name = Release;
		};
		BA44FAEF1A17D46F002B11F3 /* Debug */ = {
			isa = XCBuildConfiguration;
			buildSettings = {
				ASSETCATALOG_COMPILER_APPICON_NAME = AppIcon;
				INFOPLIST_FILE = 99Balloons/Info.plist;
				LD_RUNPATH_SEARCH_PATHS = "$(inherited) @executable_path/Frameworks";
				PRODUCT_NAME = "$(TARGET_NAME)";
			};
			name = Debug;
		};
		BA44FAF01A17D46F002B11F3 /* Release */ = {
			isa = XCBuildConfiguration;
			buildSettings = {
				ASSETCATALOG_COMPILER_APPICON_NAME = AppIcon;
				INFOPLIST_FILE = 99Balloons/Info.plist;
				LD_RUNPATH_SEARCH_PATHS = "$(inherited) @executable_path/Frameworks";
				PRODUCT_NAME = "$(TARGET_NAME)";
			};
			name = Release;
		};
		BA44FAF21A17D46F002B11F3 /* Debug */ = {
			isa = XCBuildConfiguration;
			buildSettings = {
				BUNDLE_LOADER = "$(TEST_HOST)";
				FRAMEWORK_SEARCH_PATHS = (
					"$(SDKROOT)/Developer/Library/Frameworks",
					"$(inherited)",
				);
				GCC_PREPROCESSOR_DEFINITIONS = (
					"DEBUG=1",
					"$(inherited)",
				);
				INFOPLIST_FILE = 99BalloonsTests/Info.plist;
				LD_RUNPATH_SEARCH_PATHS = "$(inherited) @executable_path/Frameworks @loader_path/Frameworks";
				PRODUCT_NAME = "$(TARGET_NAME)";
				TEST_HOST = "$(BUILT_PRODUCTS_DIR)/99Balloons.app/99Balloons";
			};
			name = Debug;
		};
		BA44FAF31A17D46F002B11F3 /* Release */ = {
			isa = XCBuildConfiguration;
			buildSettings = {
				BUNDLE_LOADER = "$(TEST_HOST)";
				FRAMEWORK_SEARCH_PATHS = (
					"$(SDKROOT)/Developer/Library/Frameworks",
					"$(inherited)",
				);
				INFOPLIST_FILE = 99BalloonsTests/Info.plist;
				LD_RUNPATH_SEARCH_PATHS = "$(inherited) @executable_path/Frameworks @loader_path/Frameworks";
				PRODUCT_NAME = "$(TARGET_NAME)";
				TEST_HOST = "$(BUILT_PRODUCTS_DIR)/99Balloons.app/99Balloons";
			};
			name = Release;
		};
/* End XCBuildConfiguration section */

/* Begin XCConfigurationList section */
		BA44FACA1A17D46F002B11F3 /* Build configuration list for PBXProject "99Balloons" */ = {
			isa = XCConfigurationList;
			buildConfigurations = (
				BA44FAEC1A17D46F002B11F3 /* Debug */,
				BA44FAED1A17D46F002B11F3 /* Release */,
			);
			defaultConfigurationIsVisible = 0;
			defaultConfigurationName = Release;
		};
		BA44FAEE1A17D46F002B11F3 /* Build configuration list for PBXNativeTarget "99Balloons" */ = {
			isa = XCConfigurationList;
			buildConfigurations = (
				BA44FAEF1A17D46F002B11F3 /* Debug */,
				BA44FAF01A17D46F002B11F3 /* Release */,
			);
			defaultConfigurationIsVisible = 0;
		};
		BA44FAF11A17D46F002B11F3 /* Build configuration list for PBXNativeTarget "99BalloonsTests" */ = {
			isa = XCConfigurationList;
			buildConfigurations = (
				BA44FAF21A17D46F002B11F3 /* Debug */,
				BA44FAF31A17D46F002B11F3 /* Release */,
			);
			defaultConfigurationIsVisible = 0;
		};
/* End XCConfigurationList section */
	};
	rootObject = BA44FAC71A17D46F002B11F3 /* Project object */;
}
